// !$*UTF8*$!
{
	archiveVersion = 1;
	classes = {
	};
	objectVersion = 50;
	objects = {

/* Begin PBXBuildFile section */
		09753F2721FE981D0041D2A0 /* ListViewController.swift in Sources */ = {isa = PBXBuildFile; fileRef = 09753F2621FE981D0041D2A0 /* ListViewController.swift */; };
		09F8503021E6F667002F16DA /* AppDelegate.swift in Sources */ = {isa = PBXBuildFile; fileRef = 09F8502F21E6F667002F16DA /* AppDelegate.swift */; };
		09F8503221E6F667002F16DA /* ViewController.swift in Sources */ = {isa = PBXBuildFile; fileRef = 09F8503121E6F667002F16DA /* ViewController.swift */; };
		09F8503521E6F667002F16DA /* Main.storyboard in Resources */ = {isa = PBXBuildFile; fileRef = 09F8503321E6F667002F16DA /* Main.storyboard */; };
		09F8503821E6F667002F16DA /* CAU_hashkeyword_IOS_application.xcdatamodeld in Sources */ = {isa = PBXBuildFile; fileRef = 09F8503621E6F667002F16DA /* CAU_hashkeyword_IOS_application.xcdatamodeld */; };
		09F8503A21E6F668002F16DA /* Assets.xcassets in Resources */ = {isa = PBXBuildFile; fileRef = 09F8503921E6F668002F16DA /* Assets.xcassets */; };
		09F8503D21E6F668002F16DA /* LaunchScreen.storyboard in Resources */ = {isa = PBXBuildFile; fileRef = 09F8503B21E6F668002F16DA /* LaunchScreen.storyboard */; };
		469B1F7ADEEF351DD35F05EE /* Pods_CAU_hashkeyword_IOS_application.framework in Frameworks */ = {isa = PBXBuildFile; fileRef = 2A1AC18D9CCEC4C50A49CBE8 /* Pods_CAU_hashkeyword_IOS_application.framework */; };
		6742B9EC2201665C0076B45B /* DataCenter.swift in Sources */ = {isa = PBXBuildFile; fileRef = 6742B9EB2201665C0076B45B /* DataCenter.swift */; };
/* End PBXBuildFile section */

/* Begin PBXFileReference section */
		09753F2621FE981D0041D2A0 /* ListViewController.swift */ = {isa = PBXFileReference; lastKnownFileType = sourcecode.swift; path = ListViewController.swift; sourceTree = "<group>"; };
		09F8502C21E6F667002F16DA /* CAU_hashkeyword_IOS_application.app */ = {isa = PBXFileReference; explicitFileType = wrapper.application; includeInIndex = 0; path = CAU_hashkeyword_IOS_application.app; sourceTree = BUILT_PRODUCTS_DIR; };
		09F8502F21E6F667002F16DA /* AppDelegate.swift */ = {isa = PBXFileReference; lastKnownFileType = sourcecode.swift; path = AppDelegate.swift; sourceTree = "<group>"; };
		09F8503121E6F667002F16DA /* ViewController.swift */ = {isa = PBXFileReference; lastKnownFileType = sourcecode.swift; path = ViewController.swift; sourceTree = "<group>"; };
		09F8503421E6F667002F16DA /* Base */ = {isa = PBXFileReference; lastKnownFileType = file.storyboard; name = Base; path = Base.lproj/Main.storyboard; sourceTree = "<group>"; };
		09F8503721E6F667002F16DA /* CAU_hashkeyword_IOS_application.xcdatamodel */ = {isa = PBXFileReference; lastKnownFileType = wrapper.xcdatamodel; path = CAU_hashkeyword_IOS_application.xcdatamodel; sourceTree = "<group>"; };
		09F8503921E6F668002F16DA /* Assets.xcassets */ = {isa = PBXFileReference; lastKnownFileType = folder.assetcatalog; path = Assets.xcassets; sourceTree = "<group>"; };
		09F8503C21E6F668002F16DA /* Base */ = {isa = PBXFileReference; lastKnownFileType = file.storyboard; name = Base; path = Base.lproj/LaunchScreen.storyboard; sourceTree = "<group>"; };
		09F8503E21E6F668002F16DA /* Info.plist */ = {isa = PBXFileReference; lastKnownFileType = text.plist.xml; path = Info.plist; sourceTree = "<group>"; };
		2A1AC18D9CCEC4C50A49CBE8 /* Pods_CAU_hashkeyword_IOS_application.framework */ = {isa = PBXFileReference; explicitFileType = wrapper.framework; includeInIndex = 0; path = Pods_CAU_hashkeyword_IOS_application.framework; sourceTree = BUILT_PRODUCTS_DIR; };
		6742B9EB2201665C0076B45B /* DataCenter.swift */ = {isa = PBXFileReference; lastKnownFileType = sourcecode.swift; path = DataCenter.swift; sourceTree = "<group>"; };
		76D553F73A371F6049D881F1 /* Pods-CAU_hashkeyword_IOS_application.release.xcconfig */ = {isa = PBXFileReference; includeInIndex = 1; lastKnownFileType = text.xcconfig; name = "Pods-CAU_hashkeyword_IOS_application.release.xcconfig"; path = "Pods/Target Support Files/Pods-CAU_hashkeyword_IOS_application/Pods-CAU_hashkeyword_IOS_application.release.xcconfig"; sourceTree = "<group>"; };
		B5201DA5EE16F6E80354FE6F /* Pods-CAU_hashkeyword_IOS_application.debug.xcconfig */ = {isa = PBXFileReference; includeInIndex = 1; lastKnownFileType = text.xcconfig; name = "Pods-CAU_hashkeyword_IOS_application.debug.xcconfig"; path = "Pods/Target Support Files/Pods-CAU_hashkeyword_IOS_application/Pods-CAU_hashkeyword_IOS_application.debug.xcconfig"; sourceTree = "<group>"; };
/* End PBXFileReference section */

/* Begin PBXFrameworksBuildPhase section */
		09F8502921E6F667002F16DA /* Frameworks */ = {
			isa = PBXFrameworksBuildPhase;
			buildActionMask = 2147483647;
			files = (
				469B1F7ADEEF351DD35F05EE /* Pods_CAU_hashkeyword_IOS_application.framework in Frameworks */,
			);
			runOnlyForDeploymentPostprocessing = 0;
		};
/* End PBXFrameworksBuildPhase section */

/* Begin PBXGroup section */
		09F8502321E6F667002F16DA = {
			isa = PBXGroup;
			children = (
				09F8502E21E6F667002F16DA /* CAU_hashkeyword_IOS_application */,
				09F8502D21E6F667002F16DA /* Products */,
				8BE096D2B629EAB230B4E76E /* Pods */,
				6240F527418B23B49229175E /* Frameworks */,
			);
			sourceTree = "<group>";
		};
		09F8502D21E6F667002F16DA /* Products */ = {
			isa = PBXGroup;
			children = (
				09F8502C21E6F667002F16DA /* CAU_hashkeyword_IOS_application.app */,
			);
			name = Products;
			sourceTree = "<group>";
		};
		09F8502E21E6F667002F16DA /* CAU_hashkeyword_IOS_application */ = {
			isa = PBXGroup;
			children = (
				6742B9EB2201665C0076B45B /* DataCenter.swift */,
				09F8502F21E6F667002F16DA /* AppDelegate.swift */,
				09753F2621FE981D0041D2A0 /* ListViewController.swift */,
				09F8503121E6F667002F16DA /* ViewController.swift */,
				09F8503321E6F667002F16DA /* Main.storyboard */,
				09F8503B21E6F668002F16DA /* LaunchScreen.storyboard */,
				09F8503921E6F668002F16DA /* Assets.xcassets */,
				09F8503E21E6F668002F16DA /* Info.plist */,
				09F8503621E6F667002F16DA /* CAU_hashkeyword_IOS_application.xcdatamodeld */,
			);
			path = CAU_hashkeyword_IOS_application;
			sourceTree = "<group>";
		};
		6240F527418B23B49229175E /* Frameworks */ = {
			isa = PBXGroup;
			children = (
				2A1AC18D9CCEC4C50A49CBE8 /* Pods_CAU_hashkeyword_IOS_application.framework */,
			);
			name = Frameworks;
			sourceTree = "<group>";
		};
		8BE096D2B629EAB230B4E76E /* Pods */ = {
			isa = PBXGroup;
			children = (
				B5201DA5EE16F6E80354FE6F /* Pods-CAU_hashkeyword_IOS_application.debug.xcconfig */,
				76D553F73A371F6049D881F1 /* Pods-CAU_hashkeyword_IOS_application.release.xcconfig */,
			);
			name = Pods;
			sourceTree = "<group>";
		};
/* End PBXGroup section */

/* Begin PBXNativeTarget section */
		09F8502B21E6F667002F16DA /* CAU_hashkeyword_IOS_application */ = {
			isa = PBXNativeTarget;
			buildConfigurationList = 09F8505721E6F668002F16DA /* Build configuration list for PBXNativeTarget "CAU_hashkeyword_IOS_application" */;
			buildPhases = (
				25687D7BC2D168F573EC7779 /* [CP] Check Pods Manifest.lock */,
				09F8502821E6F667002F16DA /* Sources */,
				09F8502921E6F667002F16DA /* Frameworks */,
				09F8502A21E6F667002F16DA /* Resources */,
				A0B9C099D13A52A74205AFE4 /* [CP] Embed Pods Frameworks */,
			);
			buildRules = (
			);
			dependencies = (
			);
			name = CAU_hashkeyword_IOS_application;
			productName = CAU_hashkeyword_IOS_application;
			productReference = 09F8502C21E6F667002F16DA /* CAU_hashkeyword_IOS_application.app */;
			productType = "com.apple.product-type.application";
		};
/* End PBXNativeTarget section */

/* Begin PBXProject section */
		09F8502421E6F667002F16DA /* Project object */ = {
			isa = PBXProject;
			attributes = {
				LastSwiftUpdateCheck = 1010;
				LastUpgradeCheck = 1010;
				ORGANIZATIONNAME = "Hyeseong Kim";
				TargetAttributes = {
					09F8502B21E6F667002F16DA = {
						CreatedOnToolsVersion = 10.1;
					};
				};
			};
			buildConfigurationList = 09F8502721E6F667002F16DA /* Build configuration list for PBXProject "CAU_hashkeyword_IOS_application" */;
			compatibilityVersion = "Xcode 9.3";
			developmentRegion = en;
			hasScannedForEncodings = 0;
			knownRegions = (
				en,
				Base,
			);
			mainGroup = 09F8502321E6F667002F16DA;
			productRefGroup = 09F8502D21E6F667002F16DA /* Products */;
			projectDirPath = "";
			projectRoot = "";
			targets = (
				09F8502B21E6F667002F16DA /* CAU_hashkeyword_IOS_application */,
			);
		};
/* End PBXProject section */

/* Begin PBXResourcesBuildPhase section */
		09F8502A21E6F667002F16DA /* Resources */ = {
			isa = PBXResourcesBuildPhase;
			buildActionMask = 2147483647;
			files = (
				09F8503D21E6F668002F16DA /* LaunchScreen.storyboard in Resources */,
				09F8503A21E6F668002F16DA /* Assets.xcassets in Resources */,
				09F8503521E6F667002F16DA /* Main.storyboard in Resources */,
			);
			runOnlyForDeploymentPostprocessing = 0;
		};
/* End PBXResourcesBuildPhase section */

/* Begin PBXShellScriptBuildPhase section */
		25687D7BC2D168F573EC7779 /* [CP] Check Pods Manifest.lock */ = {
			isa = PBXShellScriptBuildPhase;
			buildActionMask = 2147483647;
			files = (
			);
			inputPaths = (
				"${PODS_PODFILE_DIR_PATH}/Podfile.lock",
				"${PODS_ROOT}/Manifest.lock",
			);
			name = "[CP] Check Pods Manifest.lock";
			outputPaths = (
				"$(DERIVED_FILE_DIR)/Pods-CAU_hashkeyword_IOS_application-checkManifestLockResult.txt",
			);
			runOnlyForDeploymentPostprocessing = 0;
			shellPath = /bin/sh;
			shellScript = "diff \"${PODS_PODFILE_DIR_PATH}/Podfile.lock\" \"${PODS_ROOT}/Manifest.lock\" > /dev/null\nif [ $? != 0 ] ; then\n    # print error to STDERR\n    echo \"error: The sandbox is not in sync with the Podfile.lock. Run 'pod install' or update your CocoaPods installation.\" >&2\n    exit 1\nfi\n# This output is used by Xcode 'outputs' to avoid re-running this script phase.\necho \"SUCCESS\" > \"${SCRIPT_OUTPUT_FILE_0}\"\n";
			showEnvVarsInLog = 0;
		};
		A0B9C099D13A52A74205AFE4 /* [CP] Embed Pods Frameworks */ = {
			isa = PBXShellScriptBuildPhase;
			buildActionMask = 2147483647;
			files = (
			);
			inputPaths = (
				"${SRCROOT}/Pods/Target Support Files/Pods-CAU_hashkeyword_IOS_application/Pods-CAU_hashkeyword_IOS_application-frameworks.sh",
				"${BUILT_PRODUCTS_DIR}/GoogleUtilities/GoogleUtilities.framework",
				"${BUILT_PRODUCTS_DIR}/leveldb-library/leveldb.framework",
				"${BUILT_PRODUCTS_DIR}/nanopb/nanopb.framework",
			);
			name = "[CP] Embed Pods Frameworks";
			outputPaths = (
				"${TARGET_BUILD_DIR}/${FRAMEWORKS_FOLDER_PATH}/GoogleUtilities.framework",
				"${TARGET_BUILD_DIR}/${FRAMEWORKS_FOLDER_PATH}/leveldb.framework",
				"${TARGET_BUILD_DIR}/${FRAMEWORKS_FOLDER_PATH}/nanopb.framework",
			);
			runOnlyForDeploymentPostprocessing = 0;
			shellPath = /bin/sh;
			shellScript = "\"${SRCROOT}/Pods/Target Support Files/Pods-CAU_hashkeyword_IOS_application/Pods-CAU_hashkeyword_IOS_application-frameworks.sh\"\n";
			showEnvVarsInLog = 0;
		};
/* End PBXShellScriptBuildPhase section */

/* Begin PBXSourcesBuildPhase section */
		09F8502821E6F667002F16DA /* Sources */ = {
			isa = PBXSourcesBuildPhase;
			buildActionMask = 2147483647;
			files = (
				09F8503821E6F667002F16DA /* CAU_hashkeyword_IOS_application.xcdatamodeld in Sources */,
				09F8503221E6F667002F16DA /* ViewController.swift in Sources */,
				09F8503021E6F667002F16DA /* AppDelegate.swift in Sources */,
				09753F2721FE981D0041D2A0 /* ListViewController.swift in Sources */,
				6742B9EC2201665C0076B45B /* DataCenter.swift in Sources */,
			);
			runOnlyForDeploymentPostprocessing = 0;
		};
/* End PBXSourcesBuildPhase section */

/* Begin PBXVariantGroup section */
		09F8503321E6F667002F16DA /* Main.storyboard */ = {
			isa = PBXVariantGroup;
			children = (
				09F8503421E6F667002F16DA /* Base */,
			);
			name = Main.storyboard;
			sourceTree = "<group>";
		};
		09F8503B21E6F668002F16DA /* LaunchScreen.storyboard */ = {
			isa = PBXVariantGroup;
			children = (
				09F8503C21E6F668002F16DA /* Base */,
			);
			name = LaunchScreen.storyboard;
			sourceTree = "<group>";
		};
/* End PBXVariantGroup section */

/* Begin XCBuildConfiguration section */
		09F8505521E6F668002F16DA /* Debug */ = {
			isa = XCBuildConfiguration;
			buildSettings = {
				ALWAYS_SEARCH_USER_PATHS = NO;
				CLANG_ANALYZER_NONNULL = YES;
				CLANG_ANALYZER_NUMBER_OBJECT_CONVERSION = YES_AGGRESSIVE;
				CLANG_CXX_LANGUAGE_STANDARD = "gnu++14";
				CLANG_CXX_LIBRARY = "libc++";
				CLANG_ENABLE_MODULES = YES;
				CLANG_ENABLE_OBJC_ARC = YES;
				CLANG_ENABLE_OBJC_WEAK = YES;
				CLANG_WARN_BLOCK_CAPTURE_AUTORELEASING = YES;
				CLANG_WARN_BOOL_CONVERSION = YES;
				CLANG_WARN_COMMA = YES;
				CLANG_WARN_CONSTANT_CONVERSION = YES;
				CLANG_WARN_DEPRECATED_OBJC_IMPLEMENTATIONS = YES;
				CLANG_WARN_DIRECT_OBJC_ISA_USAGE = YES_ERROR;
				CLANG_WARN_DOCUMENTATION_COMMENTS = YES;
				CLANG_WARN_EMPTY_BODY = YES;
				CLANG_WARN_ENUM_CONVERSION = YES;
				CLANG_WARN_INFINITE_RECURSION = YES;
				CLANG_WARN_INT_CONVERSION = YES;
				CLANG_WARN_NON_LITERAL_NULL_CONVERSION = YES;
				CLANG_WARN_OBJC_IMPLICIT_RETAIN_SELF = YES;
				CLANG_WARN_OBJC_LITERAL_CONVERSION = YES;
				CLANG_WARN_OBJC_ROOT_CLASS = YES_ERROR;
				CLANG_WARN_RANGE_LOOP_ANALYSIS = YES;
				CLANG_WARN_STRICT_PROTOTYPES = YES;
				CLANG_WARN_SUSPICIOUS_MOVE = YES;
				CLANG_WARN_UNGUARDED_AVAILABILITY = YES_AGGRESSIVE;
				CLANG_WARN_UNREACHABLE_CODE = YES;
				CLANG_WARN__DUPLICATE_METHOD_MATCH = YES;
				CODE_SIGN_IDENTITY = "iPhone Developer";
				COPY_PHASE_STRIP = NO;
				DEBUG_INFORMATION_FORMAT = dwarf;
				ENABLE_STRICT_OBJC_MSGSEND = YES;
				ENABLE_TESTABILITY = YES;
				GCC_C_LANGUAGE_STANDARD = gnu11;
				GCC_DYNAMIC_NO_PIC = NO;
				GCC_NO_COMMON_BLOCKS = YES;
				GCC_OPTIMIZATION_LEVEL = 0;
				GCC_PREPROCESSOR_DEFINITIONS = (
					"DEBUG=1",
					"$(inherited)",
				);
				GCC_WARN_64_TO_32_BIT_CONVERSION = YES;
				GCC_WARN_ABOUT_RETURN_TYPE = YES_ERROR;
				GCC_WARN_UNDECLARED_SELECTOR = YES;
				GCC_WARN_UNINITIALIZED_AUTOS = YES_AGGRESSIVE;
				GCC_WARN_UNUSED_FUNCTION = YES;
				GCC_WARN_UNUSED_VARIABLE = YES;
				IPHONEOS_DEPLOYMENT_TARGET = 12.1;
				MTL_ENABLE_DEBUG_INFO = INCLUDE_SOURCE;
				MTL_FAST_MATH = YES;
				ONLY_ACTIVE_ARCH = YES;
				SDKROOT = iphoneos;
				SWIFT_ACTIVE_COMPILATION_CONDITIONS = DEBUG;
				SWIFT_OPTIMIZATION_LEVEL = "-Onone";
			};
			name = Debug;
		};
		09F8505621E6F668002F16DA /* Release */ = {
			isa = XCBuildConfiguration;
			buildSettings = {
				ALWAYS_SEARCH_USER_PATHS = NO;
				CLANG_ANALYZER_NONNULL = YES;
				CLANG_ANALYZER_NUMBER_OBJECT_CONVERSION = YES_AGGRESSIVE;
				CLANG_CXX_LANGUAGE_STANDARD = "gnu++14";
				CLANG_CXX_LIBRARY = "libc++";
				CLANG_ENABLE_MODULES = YES;
				CLANG_ENABLE_OBJC_ARC = YES;
				CLANG_ENABLE_OBJC_WEAK = YES;
				CLANG_WARN_BLOCK_CAPTURE_AUTORELEASING = YES;
				CLANG_WARN_BOOL_CONVERSION = YES;
				CLANG_WARN_COMMA = YES;
				CLANG_WARN_CONSTANT_CONVERSION = YES;
				CLANG_WARN_DEPRECATED_OBJC_IMPLEMENTATIONS = YES;
				CLANG_WARN_DIRECT_OBJC_ISA_USAGE = YES_ERROR;
				CLANG_WARN_DOCUMENTATION_COMMENTS = YES;
				CLANG_WARN_EMPTY_BODY = YES;
				CLANG_WARN_ENUM_CONVERSION = YES;
				CLANG_WARN_INFINITE_RECURSION = YES;
				CLANG_WARN_INT_CONVERSION = YES;
				CLANG_WARN_NON_LITERAL_NULL_CONVERSION = YES;
				CLANG_WARN_OBJC_IMPLICIT_RETAIN_SELF = YES;
				CLANG_WARN_OBJC_LITERAL_CONVERSION = YES;
				CLANG_WARN_OBJC_ROOT_CLASS = YES_ERROR;
				CLANG_WARN_RANGE_LOOP_ANALYSIS = YES;
				CLANG_WARN_STRICT_PROTOTYPES = YES;
				CLANG_WARN_SUSPICIOUS_MOVE = YES;
				CLANG_WARN_UNGUARDED_AVAILABILITY = YES_AGGRESSIVE;
				CLANG_WARN_UNREACHABLE_CODE = YES;
				CLANG_WARN__DUPLICATE_METHOD_MATCH = YES;
				CODE_SIGN_IDENTITY = "iPhone Developer";
				COPY_PHASE_STRIP = NO;
				DEBUG_INFORMATION_FORMAT = "dwarf-with-dsym";
				ENABLE_NS_ASSERTIONS = NO;
				ENABLE_STRICT_OBJC_MSGSEND = YES;
				GCC_C_LANGUAGE_STANDARD = gnu11;
				GCC_NO_COMMON_BLOCKS = YES;
				GCC_WARN_64_TO_32_BIT_CONVERSION = YES;
				GCC_WARN_ABOUT_RETURN_TYPE = YES_ERROR;
				GCC_WARN_UNDECLARED_SELECTOR = YES;
				GCC_WARN_UNINITIALIZED_AUTOS = YES_AGGRESSIVE;
				GCC_WARN_UNUSED_FUNCTION = YES;
				GCC_WARN_UNUSED_VARIABLE = YES;
				IPHONEOS_DEPLOYMENT_TARGET = 12.1;
				MTL_ENABLE_DEBUG_INFO = NO;
				MTL_FAST_MATH = YES;
				SDKROOT = iphoneos;
				SWIFT_COMPILATION_MODE = wholemodule;
				SWIFT_OPTIMIZATION_LEVEL = "-O";
				VALIDATE_PRODUCT = YES;
			};
			name = Release;
		};
		09F8505821E6F668002F16DA /* Debug */ = {
			isa = XCBuildConfiguration;
			baseConfigurationReference = B5201DA5EE16F6E80354FE6F /* Pods-CAU_hashkeyword_IOS_application.debug.xcconfig */;
			buildSettings = {
				ASSETCATALOG_COMPILER_APPICON_NAME = AppIcon;
				CODE_SIGN_STYLE = Automatic;
				DEVELOPMENT_TEAM = U8TQ4688UM;
				INFOPLIST_FILE = CAU_hashkeyword_IOS_application/Info.plist;
				IPHONEOS_DEPLOYMENT_TARGET = 12.1;
				LD_RUNPATH_SEARCH_PATHS = (
					"$(inherited)",
					"@executable_path/Frameworks",
				);
				PRODUCT_BUNDLE_IDENTIFIER = "Ally.CAU-hashkeyword-IOS-application";
				PRODUCT_NAME = "$(TARGET_NAME)";
				SWIFT_VERSION = 4.2;
				TARGETED_DEVICE_FAMILY = 1;
			};
			name = Debug;
		};
		09F8505921E6F668002F16DA /* Release */ = {
			isa = XCBuildConfiguration;
			baseConfigurationReference = 76D553F73A371F6049D881F1 /* Pods-CAU_hashkeyword_IOS_application.release.xcconfig */;
			buildSettings = {
				ASSETCATALOG_COMPILER_APPICON_NAME = AppIcon;
				CODE_SIGN_STYLE = Automatic;
				DEVELOPMENT_TEAM = U8TQ4688UM;
				INFOPLIST_FILE = CAU_hashkeyword_IOS_application/Info.plist;
				IPHONEOS_DEPLOYMENT_TARGET = 12.1;
				LD_RUNPATH_SEARCH_PATHS = (
					"$(inherited)",
					"@executable_path/Frameworks",
				);
				PRODUCT_BUNDLE_IDENTIFIER = "Ally.CAU-hashkeyword-IOS-application";
				PRODUCT_NAME = "$(TARGET_NAME)";
				SWIFT_VERSION = 4.2;
				TARGETED_DEVICE_FAMILY = 1;
			};
			name = Release;
		};
/* End XCBuildConfiguration section */

/* Begin XCConfigurationList section */
		09F8502721E6F667002F16DA /* Build configuration list for PBXProject "CAU_hashkeyword_IOS_application" */ = {
			isa = XCConfigurationList;
			buildConfigurations = (
				09F8505521E6F668002F16DA /* Debug */,
				09F8505621E6F668002F16DA /* Release */,
			);
			defaultConfigurationIsVisible = 0;
			defaultConfigurationName = Release;
		};
		09F8505721E6F668002F16DA /* Build configuration list for PBXNativeTarget "CAU_hashkeyword_IOS_application" */ = {
			isa = XCConfigurationList;
			buildConfigurations = (
				09F8505821E6F668002F16DA /* Debug */,
				09F8505921E6F668002F16DA /* Release */,
			);
			defaultConfigurationIsVisible = 0;
			defaultConfigurationName = Release;
		};
/* End XCConfigurationList section */

/* Begin XCVersionGroup section */
		09F8503621E6F667002F16DA /* CAU_hashkeyword_IOS_application.xcdatamodeld */ = {
			isa = XCVersionGroup;
			children = (
				09F8503721E6F667002F16DA /* CAU_hashkeyword_IOS_application.xcdatamodel */,
			);
			currentVersion = 09F8503721E6F667002F16DA /* CAU_hashkeyword_IOS_application.xcdatamodel */;
			path = CAU_hashkeyword_IOS_application.xcdatamodeld;
			sourceTree = "<group>";
			versionGroupType = wrapper.xcdatamodel;
		};
/* End XCVersionGroup section */
	};
	rootObject = 09F8502421E6F667002F16DA /* Project object */;
}
